{
  "nodes": {
    "agent-skills": {
      "inputs": {
        "home-manager": [
          "home-manager"
        ],
        "nixpkgs": [
          "nixpkgs"
        ]
      },
      "locked": {
        "lastModified": 1772640663,
        "narHash": "sha256-apWnei/2LGgJ247h4WpPQsGooWot4I3CX2PzPsXGx3A=",
        "owner": "Kyure-A",
        "repo": "agent-skills-nix",
        "rev": "0e74b9e4b998807c21ab7ac49d00074aee5df96c",
        "type": "github"
      },
      "original": {
        "owner": "Kyure-A",
        "repo": "agent-skills-nix",
        "type": "github"
      }
    },
    "edgepkgs": {
      "inputs": {
        "nixpkgs": [
          "nixpkgs"
        ]
      },
      "locked": {
        "lastModified": 1773463535,
        "narHash": "sha256-kdzrtHjaYWlY2GnmjoXb7RAFlqX4X5FSe5T15j+6aq8=",
        "owner": "natsukium",
        "repo": "edgepkgs",
        "rev": "948bb12457ceeb41f0abb75e20ee9ac13e446714",
        "type": "github"
      },
      "original": {
        "owner": "natsukium",
        "repo": "edgepkgs",
        "type": "github"
      }
    },
    "flake-compat": {
      "flake": false,
      "locked": {
        "lastModified": 1767039857,
        "narHash": "sha256-vNpUSpF5Nuw8xvDLj2KCwwksIbjua2LZCqhV1LNRDns=",
        "owner": "NixOS",
        "repo": "flake-compat",
        "rev": "5edf11c44bc78a0d334f6334cdaf7d60d732daab",
        "type": "github"
      },
      "original": {
        "owner": "NixOS",
        "repo": "flake-compat",
        "type": "github"
      }
    },
    "flake-parts": {
      "inputs": {
        "nixpkgs-lib": "nixpkgs-lib"
      },
      "locked": {
        "lastModified": 1772408722,
        "narHash": "sha256-rHuJtdcOjK7rAHpHphUb1iCvgkU3GpfvicLMwwnfMT0=",
        "owner": "hercules-ci",
        "repo": "flake-parts",
        "rev": "f20dc5d9b8027381c474144ecabc9034d6a839a3",
        "type": "github"
      },
      "original": {
        "owner": "hercules-ci",
        "repo": "flake-parts",
        "type": "github"
      }
    },
    "flake-parts_2": {
      "inputs": {
        "nixpkgs-lib": [
          "neovim-nightly-overlay",
          "nixpkgs"
        ]
      },
      "locked": {
        "lastModified": 1772408722,
        "narHash": "sha256-rHuJtdcOjK7rAHpHphUb1iCvgkU3GpfvicLMwwnfMT0=",
        "owner": "hercules-ci",
        "repo": "flake-parts",
        "rev": "f20dc5d9b8027381c474144ecabc9034d6a839a3",
        "type": "github"
      },
      "original": {
        "owner": "hercules-ci",
        "repo": "flake-parts",
        "type": "github"
      }
    },
    "git-hooks": {
      "inputs": {
        "flake-compat": "flake-compat",
        "gitignore": "gitignore",
        "nixpkgs": [
          "nixpkgs"
        ]
      },
      "locked": {
        "lastModified": 1772893680,
        "narHash": "sha256-JDqZMgxUTCq85ObSaFw0HhE+lvdOre1lx9iI6vYyOEs=",
        "owner": "cachix",
        "repo": "git-hooks.nix",
        "rev": "8baab586afc9c9b57645a734c820e4ac0a604af9",
        "type": "github"
      },
      "original": {
        "owner": "cachix",
        "repo": "git-hooks.nix",
        "type": "github"
      }
    },
    "gitignore": {
      "inputs": {
        "nixpkgs": [
          "git-hooks",
          "nixpkgs"
        ]
      },
      "locked": {
        "lastModified": 1709087332,
        "narHash": "sha256-HG2cCnktfHsKV0s4XW83gU3F57gaTljL9KNSuG6bnQs=",
        "owner": "hercules-ci",
        "repo": "gitignore.nix",
        "rev": "637db329424fd7e46cf4185293b9cc8c88c95394",
        "type": "github"
      },
      "original": {
        "owner": "hercules-ci",
        "repo": "gitignore.nix",
        "type": "github"
      }
    },
    "home-manager": {
      "inputs": {
        "nixpkgs": [
          "nixpkgs"
        ]
      },
      "locked": {
        "lastModified": 1773666768,
        "narHash": "sha256-7XvLaFMQOsfWrK+msO0Oqe5CeNYsAlSGjrl5y14gA6w=",
        "owner": "nix-community",
        "repo": "home-manager",
        "rev": "ca53f083dbd4c83dd5dca8a3099374708e155c32",
        "type": "github"
      },
      "original": {
        "owner": "nix-community",
        "repo": "home-manager",
        "type": "github"
      }
    },
    "neovim-nightly-overlay": {
      "inputs": {
        "flake-parts": "flake-parts_2",
        "neovim-src": "neovim-src",
        "nixpkgs": [
          "nixpkgs"
        ]
      },
      "locked": {
        "lastModified": 1773619513,
        "narHash": "sha256-2xCVm8ajE9pNngv489dPKOUa5P0tlmJRwgVPjhy7c8w=",
        "owner": "nix-community",
        "repo": "neovim-nightly-overlay",
        "rev": "07227cc79efb9c1744ec99d51f98c7a3584a62d2",
        "type": "github"
      },
      "original": {
        "owner": "nix-community",
        "repo": "neovim-nightly-overlay",
        "type": "github"
      }
    },
    "neovim-src": {
      "flake": false,
      "locked": {
        "lastModified": 1773615769,
        "narHash": "sha256-qU71k2BTckpJDHpjxaU4aQwl14+iApnAycq+IJDTmO0=",
        "owner": "neovim",
        "repo": "neovim",
        "rev": "16f7440cc7b59b7e5c79f593fedc117d2d16d7dd",
        "type": "github"
      },
      "original": {
        "owner": "neovim",
        "repo": "neovim",
        "type": "github"
      }
    },
    "nix-darwin": {
      "inputs": {
        "nixpkgs": [
          "nixpkgs"
        ]
      },
      "locked": {
        "lastModified": 1773000227,
        "narHash": "sha256-zm3ftUQw0MPumYi91HovoGhgyZBlM4o3Zy0LhPNwzXE=",
        "owner": "LnL7",
        "repo": "nix-darwin",
        "rev": "da529ac9e46f25ed5616fd634079a5f3c579135f",
        "type": "github"
      },
      "original": {
        "owner": "LnL7",
        "repo": "nix-darwin",
        "type": "github"
      }
    },
    "nix-index-database": {
      "inputs": {
        "nixpkgs": [
          "nixpkgs"
        ]
      },
      "locked": {
        "lastModified": 1773552174,
        "narHash": "sha256-mHSRNrT1rjeYBgkAlj07dW3+1nFEgAd8Gu6lgyfT9DU=",
        "owner": "nix-community",
        "repo": "nix-index-database",
        "rev": "8faeb68130df077450451b6734a221ba0d6cde42",
        "type": "github"
      },
      "original": {
        "owner": "nix-community",
        "repo": "nix-index-database",
        "type": "github"
      }
    },
    "nix-vscode-extensions": {
      "inputs": {
        "nixpkgs": [
          "nixpkgs"
        ]
      },
      "locked": {
        "lastModified": 1773630033,
        "narHash": "sha256-AL+7e6SXmXsKQfuBawbv6rsOO1tIbD415JHcAK4DCwk=",
        "owner": "nix-community",
        "repo": "nix-vscode-extensions",
        "rev": "03d7cf5a70217d449b8b6a9fbf40c28b03111695",
        "type": "github"
      },
      "original": {
        "owner": "nix-community",
        "repo": "nix-vscode-extensions",
        "type": "github"
      }
    },
    "nixpkgs": {
      "locked": {
        "lastModified": 1773646010,
        "narHash": "sha256-iYrs97hS7p5u4lQzuNWzuALGIOdkPXvjz7bviiBjUu8=",
        "owner": "nixos",
        "repo": "nixpkgs",
        "rev": "5b2c2d84341b2afb5647081c1386a80d7a8d8605",
        "type": "github"
      },
      "original": {
        "owner": "nixos",
        "ref": "nixos-unstable",
        "repo": "nixpkgs",
        "type": "github"
      }
    },
    "nixpkgs-lib": {
      "locked": {
        "lastModified": 1772328832,
        "narHash": "sha256-e+/T/pmEkLP6BHhYjx6GmwP5ivonQQn0bJdH9YrRB+Q=",
        "owner": "nix-community",
        "repo": "nixpkgs.lib",
        "rev": "c185c7a5e5dd8f9add5b2f8ebeff00888b070742",
        "type": "github"
      },
      "original": {
        "owner": "nix-community",
        "repo": "nixpkgs.lib",
        "type": "github"
      }
    },
    "nixpkgs_2": {
      "locked": {
        "lastModified": 1744536153,
        "narHash": "sha256-awS2zRgF4uTwrOKwwiJcByDzDOdo3Q1rPZbiHQg/N38=",
        "owner": "NixOS",
        "repo": "nixpkgs",
        "rev": "18dd725c29603f582cf1900e0d25f9f1063dbf11",
        "type": "github"
      },
      "original": {
        "owner": "NixOS",
        "ref": "nixpkgs-unstable",
        "repo": "nixpkgs",
        "type": "github"
      }
    },
    "nur-packages": {
      "inputs": {
        "nixpkgs": [
          "nixpkgs"
        ]
      },
      "locked": {
        "lastModified": 1773562284,
        "narHash": "sha256-k+XbN7Z3F1VjXsPj45lhza7ZuMVkC9lNheGW+F4crqI=",
        "owner": "airRnot1106",
        "repo": "nur-packages",
        "rev": "160dffb785bfd6b1f92d69b22e680d148e38411a",
        "type": "github"
      },
      "original": {
        "owner": "airRnot1106",
        "repo": "nur-packages",
        "type": "github"
      }
    },
    "root": {
      "inputs": {
        "agent-skills": "agent-skills",
        "edgepkgs": "edgepkgs",
        "flake-parts": "flake-parts",
        "git-hooks": "git-hooks",
        "home-manager": "home-manager",
        "neovim-nightly-overlay": "neovim-nightly-overlay",
        "nix-darwin": "nix-darwin",
        "nix-index-database": "nix-index-database",
        "nix-vscode-extensions": "nix-vscode-extensions",
        "nixpkgs": "nixpkgs",
        "nur-packages": "nur-packages",
        "rustowl-flake": "rustowl-flake",
        "systems": "systems",
        "treefmt-nix": "treefmt-nix"
      }
    },
    "rust-overlay": {
      "inputs": {
        "nixpkgs": "nixpkgs_2"
      },
      "locked": {
        "lastModified": 1773544328,
        "narHash": "sha256-Iv+qez54LAz+isij4APBk31VWA//Go81hwFOXr5iWTw=",
        "owner": "oxalica",
        "repo": "rust-overlay",
        "rev": "4f977d776793c8bfbfdd7eca7835847ccc48874e",
        "type": "github"
      },
      "original": {
        "owner": "oxalica",
        "repo": "rust-overlay",
        "type": "github"
      }
    },
    "rustowl": {
      "flake": false,
      "locked": {
        "lastModified": 1773148086,
        "narHash": "sha256-/szpOp9b1DqZuGGotgq5Il3TkMFybcT4G61E7pA8rR8=",
        "owner": "cordx56",
        "repo": "rustowl",
        "rev": "5f881d906a7b1ecdb694ee92122846ee017aeac0",
        "type": "github"
      },
      "original": {
        "owner": "cordx56",
        "repo": "rustowl",
        "type": "github"
      }
    },
    "rustowl-flake": {
      "inputs": {
        "flake-parts": [
          "flake-parts"
        ],
        "git-hooks": [
          "git-hooks"
        ],
        "nixpkgs": [
          "nixpkgs"
        ],
        "rust-overlay": "rust-overlay",
        "rustowl": "rustowl"
      },
      "locked": {
        "lastModified": 1773626475,
        "narHash": "sha256-XESuwab+57YCa1+eSh2GlnxbHoN64EgaqmB014y4sEw=",
        "owner": "nix-community",
        "repo": "rustowl-flake",
        "rev": "2a1e230e3868cff07e55bc60139327332665c1a0",
        "type": "github"
      },
      "original": {
        "owner": "nix-community",
        "repo": "rustowl-flake",
        "type": "github"
      }
    },
    "systems": {
      "locked": {
        "lastModified": 1681028828,
        "narHash": "sha256-Vy1rq5AaRuLzOxct8nz4T6wlgyUR7zLU309k9mBC768=",
        "owner": "nix-systems",
        "repo": "default",
        "rev": "da67096a3b9bf56a91d16901293e51ba5b49a27e",
        "type": "github"
      },
      "original": {
        "owner": "nix-systems",
        "repo": "default",
        "type": "github"
      }
    },
    "treefmt-nix": {
      "inputs": {
        "nixpkgs": [
          "nixpkgs"
        ]
      },
      "locked": {
        "lastModified": 1773297127,
        "narHash": "sha256-6E/yhXP7Oy/NbXtf1ktzmU8SdVqJQ09HC/48ebEGBpk=",
        "owner": "numtide",
        "repo": "treefmt-nix",
        "rev": "71b125cd05fbfd78cab3e070b73544abe24c5016",
        "type": "github"
      },
      "original": {
        "owner": "numtide",
        "repo": "treefmt-nix",
        "type": "github"
      }
    }
  },
  "root": "root",
  "version": 7
}
