{
  "nodes": {
    "agenput-skills": {
      "inputs": {
        "nput": "nput"
      },
      "locked": {
        "lastModified": 1784457208,
        "narHash": "sha256-AUu/51pkhzfbbAcO7M3akN8NhST4juGYYKQ2VDkcxmc=",
        "owner": "airRnot1106",
        "repo": "agenput-skills-nix",
        "rev": "461b8151f8419ee7e7bda2d131d0d9805963bebc",
        "type": "github"
      },
      "original": {
        "owner": "airRnot1106",
        "repo": "agenput-skills-nix",
        "type": "github"
      }
    },
    "agent-skills": {
      "inputs": {
        "agenput-skills": "agenput-skills",
        "anthropic-skills": "anthropic-skills",
        "cognitive-rhythm-writing": "cognitive-rhythm-writing",
        "find-skills": "find-skills",
        "flake-utils": "flake-utils",
        "inspired-mino-design-skills": "inspired-mino-design-skills",
        "japanese-tech-writing": "japanese-tech-writing",
        "mattpocock": "mattpocock",
        "mizchi": "mizchi",
        "nixpkgs": [
          "nixpkgs"
        ],
        "opensrc": "opensrc"
      },
      "locked": {
        "path": "./nix/agent-skills",
        "type": "path"
      },
      "original": {
        "path": "./nix/agent-skills",
        "type": "path"
      },
      "parent": []
    },
    "anthropic-skills": {
      "flake": false,
      "locked": {
        "lastModified": 1784256457,
        "narHash": "sha256-QZ+zJkyLd/42rxgtJEZSUOz9R75Tse6UXW7G0nOkFS8=",
        "owner": "anthropics",
        "repo": "skills",
        "rev": "fa0fa64bdc967915dc8399e803be67759e1e62b8",
        "type": "github"
      },
      "original": {
        "owner": "anthropics",
        "repo": "skills",
        "type": "github"
      }
    },
    "cognitive-rhythm-writing": {
      "flake": false,
      "locked": {
        "lastModified": 1783600534,
        "narHash": "sha256-Zo3iVnTvVG6IfU9vBf4Zv/bEcKmNKnI2IY1D0uvzkNM=",
        "ref": "refs/heads/main",
        "rev": "a3b1e26beced71d582e13314fb6f5b179b023c76",
        "revCount": 3,
        "type": "git",
        "url": "https://gist.github.com/k16shikano/eb2929f13ed19c97188393d297be8432.git"
      },
      "original": {
        "type": "git",
        "url": "https://gist.github.com/k16shikano/eb2929f13ed19c97188393d297be8432.git"
      }
    },
    "crane": {
      "locked": {
        "lastModified": 1767319442,
        "narHash": "sha256-TXsJUc+nZflFGWLopUxHwdlxYY+ucxbF5IAPLEX5tc4=",
        "owner": "ipetkov",
        "repo": "crane",
        "rev": "607c91ce75d63ea52731933c5396649b9d08284c",
        "type": "github"
      },
      "original": {
        "owner": "ipetkov",
        "repo": "crane",
        "type": "github"
      }
    },
    "find-skills": {
      "flake": false,
      "locked": {
        "lastModified": 1784224436,
        "narHash": "sha256-lxf2ODxgwin83JHRrDynMccTFtCo+tYFb053XrS1IqA=",
        "owner": "vercel-labs",
        "repo": "skills",
        "rev": "777599e1159e401b11ce4c8a57c20f09a8f1596e",
        "type": "github"
      },
      "original": {
        "owner": "vercel-labs",
        "repo": "skills",
        "type": "github"
      }
    },
    "flake-compat": {
      "flake": false,
      "locked": {
        "lastModified": 1767039857,
        "narHash": "sha256-vNpUSpF5Nuw8xvDLj2KCwwksIbjua2LZCqhV1LNRDns=",
        "owner": "NixOS",
        "repo": "flake-compat",
        "rev": "5edf11c44bc78a0d334f6334cdaf7d60d732daab",
        "type": "github"
      },
      "original": {
        "owner": "NixOS",
        "repo": "flake-compat",
        "type": "github"
      }
    },
    "flake-parts": {
      "inputs": {
        "nixpkgs-lib": [
          "agent-skills",
          "agenput-skills",
          "nput",
          "nixpkgs"
        ]
      },
      "locked": {
        "lastModified": 1782949081,
        "narHash": "sha256-vp6Y/Grm98ESt6ceOkWiHWyZRDV3J1RID4w+6NWK9yA=",
        "owner": "hercules-ci",
        "repo": "flake-parts",
        "rev": "17c9d6cdfc60c64f4ee8d306f9bc0b4ccb51481e",
        "type": "github"
      },
      "original": {
        "owner": "hercules-ci",
        "repo": "flake-parts",
        "type": "github"
      }
    },
    "flake-parts_2": {
      "inputs": {
        "nixpkgs-lib": [
          "neovim-nightly-overlay",
          "nixpkgs"
        ]
      },
      "locked": {
        "lastModified": 1782949081,
        "narHash": "sha256-vp6Y/Grm98ESt6ceOkWiHWyZRDV3J1RID4w+6NWK9yA=",
        "owner": "hercules-ci",
        "repo": "flake-parts",
        "rev": "17c9d6cdfc60c64f4ee8d306f9bc0b4ccb51481e",
        "type": "github"
      },
      "original": {
        "owner": "hercules-ci",
        "repo": "flake-parts",
        "type": "github"
      }
    },
    "flake-parts_3": {
      "inputs": {
        "nixpkgs-lib": "nixpkgs-lib"
      },
      "locked": {
        "lastModified": 1765835352,
        "narHash": "sha256-XswHlK/Qtjasvhd1nOa1e8MgZ8GS//jBoTqWtrS1Giw=",
        "owner": "hercules-ci",
        "repo": "flake-parts",
        "rev": "a34fae9c08a15ad73f295041fec82323541400a9",
        "type": "github"
      },
      "original": {
        "owner": "hercules-ci",
        "repo": "flake-parts",
        "type": "github"
      }
    },
    "flake-utils": {
      "inputs": {
        "systems": "systems"
      },
      "locked": {
        "lastModified": 1731533236,
        "narHash": "sha256-l0KFg5HjrsfsO/JpG+r7fRrqm12kzFHyUHqHCVpMMbI=",
        "owner": "numtide",
        "repo": "flake-utils",
        "rev": "11707dc2f618dd54ca8739b309ec4fc024de578b",
        "type": "github"
      },
      "original": {
        "owner": "numtide",
        "repo": "flake-utils",
        "type": "github"
      }
    },
    "flake-utils_2": {
      "inputs": {
        "systems": "systems_2"
      },
      "locked": {
        "lastModified": 1731533236,
        "narHash": "sha256-l0KFg5HjrsfsO/JpG+r7fRrqm12kzFHyUHqHCVpMMbI=",
        "owner": "numtide",
        "repo": "flake-utils",
        "rev": "11707dc2f618dd54ca8739b309ec4fc024de578b",
        "type": "github"
      },
      "original": {
        "owner": "numtide",
        "repo": "flake-utils",
        "type": "github"
      }
    },
    "flake-utils_3": {
      "inputs": {
        "systems": "systems_3"
      },
      "locked": {
        "lastModified": 1731533236,
        "narHash": "sha256-l0KFg5HjrsfsO/JpG+r7fRrqm12kzFHyUHqHCVpMMbI=",
        "owner": "numtide",
        "repo": "flake-utils",
        "rev": "11707dc2f618dd54ca8739b309ec4fc024de578b",
        "type": "github"
      },
      "original": {
        "owner": "numtide",
        "repo": "flake-utils",
        "type": "github"
      }
    },
    "flake-utils_4": {
      "inputs": {
        "systems": "systems_4"
      },
      "locked": {
        "lastModified": 1710146030,
        "narHash": "sha256-SZ5L6eA7HJ/nmkzGG7/ISclqe6oZdOZTNoesiInkXPQ=",
        "owner": "numtide",
        "repo": "flake-utils",
        "rev": "b1d9ab70662946ef0850d488da1c9019f3a9752a",
        "type": "github"
      },
      "original": {
        "owner": "numtide",
        "repo": "flake-utils",
        "type": "github"
      }
    },
    "git-hooks": {
      "inputs": {
        "flake-compat": "flake-compat",
        "nixpkgs": [
          "nixpkgs"
        ]
      },
      "locked": {
        "lastModified": 1784288435,
        "narHash": "sha256-ReRHaLgr/uVqdD8afFSn+myXIfpHeOhP0yYe0TJqAA8=",
        "owner": "cachix",
        "repo": "git-hooks.nix",
        "rev": "43b3c1ab9d40fb1dbb008f451988a91e375825e9",
        "type": "github"
      },
      "original": {
        "owner": "cachix",
        "repo": "git-hooks.nix",
        "type": "github"
      }
    },
    "haumea": {
      "inputs": {
        "nixpkgs": [
          "agent-skills",
          "agenput-skills",
          "nput",
          "nixpkgs"
        ]
      },
      "locked": {
        "lastModified": 1783288480,
        "narHash": "sha256-H/blql4kDC0HY3ephQO86deTaLt2UfFvhYzZsHTz6pk=",
        "owner": "nix-community",
        "repo": "haumea",
        "rev": "3bc16acb4e17a32fcc04045ff2a4ac56a8cefcf6",
        "type": "github"
      },
      "original": {
        "owner": "nix-community",
        "repo": "haumea",
        "type": "github"
      }
    },
    "haumea_2": {
      "inputs": {
        "nixpkgs": [
          "nixpkgs"
        ]
      },
      "locked": {
        "lastModified": 1784413078,
        "narHash": "sha256-MVSxqxuULGhAkyKn/MvRHiNngmTsjv2Vffb8e83ayEk=",
        "owner": "nix-community",
        "repo": "haumea",
        "rev": "d62b1dd2cec4ebdf6bc8f3763bee0c34c70a5d1c",
        "type": "github"
      },
      "original": {
        "owner": "nix-community",
        "repo": "haumea",
        "type": "github"
      }
    },
    "herdr": {
      "inputs": {
        "nixpkgs": "nixpkgs_2",
        "rust-overlay": "rust-overlay"
      },
      "locked": {
        "lastModified": 1784502820,
        "narHash": "sha256-qZo1W4BqBy31yMfcJT30Fbgxf6OlyrD8VAdKKCIF4Kk=",
        "owner": "ogulcancelik",
        "repo": "herdr",
        "rev": "9450b168c727e9e4cbee95e6edf4f11cfe6f2154",
        "type": "github"
      },
      "original": {
        "owner": "ogulcancelik",
        "repo": "herdr",
        "type": "github"
      }
    },
    "home-manager": {
      "inputs": {
        "nixpkgs": [
          "agent-skills",
          "agenput-skills",
          "nput",
          "nixpkgs"
        ]
      },
      "locked": {
        "lastModified": 1783479733,
        "narHash": "sha256-d/JatqgG+Pmo+IuCTZfnrEAPWU3fdha48GQeXuFO+bE=",
        "owner": "nix-community",
        "repo": "home-manager",
        "rev": "cee3f0e7fec85d80c149c7afc29926747f7bd3c2",
        "type": "github"
      },
      "original": {
        "owner": "nix-community",
        "repo": "home-manager",
        "type": "github"
      }
    },
    "home-manager_2": {
      "inputs": {
        "nixpkgs": [
          "nixpkgs"
        ]
      },
      "locked": {
        "lastModified": 1784489491,
        "narHash": "sha256-j9maqjx1T8+ljAVntAdSI5hSGCm77QNZz64JF1rJNu0=",
        "owner": "nix-community",
        "repo": "home-manager",
        "rev": "3139deb8cafbe73b39b24451255b2fdd3426077e",
        "type": "github"
      },
      "original": {
        "owner": "nix-community",
        "repo": "home-manager",
        "type": "github"
      }
    },
    "inspired-mino-design-skills": {
      "flake": false,
      "locked": {
        "lastModified": 1784106373,
        "narHash": "sha256-/BAEM8g50nAgGWkJnH34CiuZfX7oqkNwUxsmRCNxSDc=",
        "owner": "my-take-dev",
        "repo": "inspired-mino-design-skills",
        "rev": "afd50e2ca18bb22e336a05df1c8481dbcd652b5c",
        "type": "github"
      },
      "original": {
        "owner": "my-take-dev",
        "repo": "inspired-mino-design-skills",
        "type": "github"
      }
    },
    "japanese-tech-writing": {
      "flake": false,
      "locked": {
        "lastModified": 1783598469,
        "narHash": "sha256-S8VqzkYfDsjIwuLPgs8TM/E/aLlFJbEgScrpc0qEiq8=",
        "ref": "refs/heads/main",
        "rev": "209db7d6d19bc4727139844c0e8d786542e9ff68",
        "revCount": 5,
        "type": "git",
        "url": "https://gist.github.com/k16shikano/fd287c3133457c4fd8f5601d34aa817d.git"
      },
      "original": {
        "type": "git",
        "url": "https://gist.github.com/k16shikano/fd287c3133457c4fd8f5601d34aa817d.git"
      }
    },
    "kakehashi": {
      "inputs": {
        "flake-utils": "flake-utils_3",
        "nixpkgs": "nixpkgs_3",
        "rust-overlay": "rust-overlay_2"
      },
      "locked": {
        "lastModified": 1784362767,
        "narHash": "sha256-MmDw14L/J2YncOn3KFWPO++EZcJceY4n3vJd1vSThOo=",
        "owner": "atusy",
        "repo": "kakehashi",
        "rev": "a1278be5fdff24d109d9e03134c6bdb880577f64",
        "type": "github"
      },
      "original": {
        "owner": "atusy",
        "repo": "kakehashi",
        "type": "github"
      }
    },
    "mattpocock": {
      "flake": false,
      "locked": {
        "lastModified": 1784192592,
        "narHash": "sha256-S6pARK99oGGSi6XdFm6zYKHT4gjOCN0wIPZFcl1hREE=",
        "owner": "mattpocock",
        "repo": "skills",
        "rev": "9603c1cc8118d08bc1b3bf34cf714f62178dea3b",
        "type": "github"
      },
      "original": {
        "owner": "mattpocock",
        "repo": "skills",
        "type": "github"
      }
    },
    "mizchi": {
      "flake": false,
      "locked": {
        "lastModified": 1784050221,
        "narHash": "sha256-ayMrZJ+3OD+f4azULSfgFh84UIQSoi+fhSOYvwWq45A=",
        "owner": "mizchi",
        "repo": "skills",
        "rev": "7a0d72866a0bb3e9ac3e2768c328b09ba2bc40c4",
        "type": "github"
      },
      "original": {
        "owner": "mizchi",
        "repo": "skills",
        "type": "github"
      }
    },
    "mocword": {
      "inputs": {
        "flake-utils": "flake-utils_4",
        "nixpkgs": "nixpkgs_4"
      },
      "locked": {
        "lastModified": 1725877962,
        "narHash": "sha256-gaj8M63spkNRXeOgn+RyJfx+N0DCtXATZ2eycENoV88=",
        "owner": "blyoa",
        "repo": "nix-mocword",
        "rev": "070dc33d8908c30084d06e2d2b0abd1551f8f78b",
        "type": "github"
      },
      "original": {
        "owner": "blyoa",
        "repo": "nix-mocword",
        "type": "github"
      }
    },
    "namaka": {
      "inputs": {
        "haumea": [
          "agent-skills",
          "agenput-skills",
          "nput",
          "haumea"
        ],
        "nixpkgs": [
          "agent-skills",
          "agenput-skills",
          "nput",
          "nixpkgs"
        ]
      },
      "locked": {
        "lastModified": 1783288541,
        "narHash": "sha256-aDsyjA7Lwi2c5/Yl3oXdJmlFqOleVJAa3sRHx6LAkIg=",
        "owner": "nix-community",
        "repo": "namaka",
        "rev": "f6c17cdc38abdd5dbe38e4f1159182a0afdb8059",
        "type": "github"
      },
      "original": {
        "owner": "nix-community",
        "repo": "namaka",
        "type": "github"
      }
    },
    "neovim-nightly-overlay": {
      "inputs": {
        "flake-parts": "flake-parts_2",
        "neovim-src": "neovim-src",
        "nixpkgs": "nixpkgs_5"
      },
      "locked": {
        "lastModified": 1783814585,
        "narHash": "sha256-xJYKRfI7kK/h08q5iVi9baAWe9Tx/zHkF+sW97g5aHg=",
        "owner": "nix-community",
        "repo": "neovim-nightly-overlay",
        "rev": "f27953eea28eb3a0bf58d84e8d51f65b1dfed481",
        "type": "github"
      },
      "original": {
        "owner": "nix-community",
        "repo": "neovim-nightly-overlay",
        "type": "github"
      }
    },
    "neovim-src": {
      "flake": false,
      "locked": {
        "lastModified": 1783808427,
        "narHash": "sha256-apvyZdfVD8K271Fe8qb8P2dJB1sGw1lts2js6adUgL8=",
        "owner": "neovim",
        "repo": "neovim",
        "rev": "41294e42533daf937410b6285e20a7c0a898f9a8",
        "type": "github"
      },
      "original": {
        "owner": "neovim",
        "repo": "neovim",
        "type": "github"
      }
    },
    "nix-claude-code": {
      "inputs": {
        "nixpkgs": "nixpkgs_6"
      },
      "locked": {
        "lastModified": 1784424673,
        "narHash": "sha256-9OA3dCN2EcKKdWK3LegYyD7XY+qtZccDpf4GFN3qrkw=",
        "owner": "ryoppippi",
        "repo": "nix-claude-code",
        "rev": "08d1a170742f2a88a7a996adca476d50a7fbff30",
        "type": "github"
      },
      "original": {
        "owner": "ryoppippi",
        "repo": "nix-claude-code",
        "type": "github"
      }
    },
    "nix-darwin": {
      "inputs": {
        "nixpkgs": [
          "nixpkgs"
        ]
      },
      "locked": {
        "lastModified": 1784500460,
        "narHash": "sha256-UvORnAxTRHax7RG74W8Z2t4GvIkX6AjJ5kk0QlwZomo=",
        "owner": "LnL7",
        "repo": "nix-darwin",
        "rev": "57a3171f94705599a2499248ca5758d5eb47c0e0",
        "type": "github"
      },
      "original": {
        "owner": "LnL7",
        "repo": "nix-darwin",
        "type": "github"
      }
    },
    "nix-github-actions": {
      "inputs": {
        "nixpkgs": [
          "agent-skills",
          "agenput-skills",
          "nput",
          "nix-unit",
          "nixpkgs"
        ]
      },
      "locked": {
        "lastModified": 1737420293,
        "narHash": "sha256-F1G5ifvqTpJq7fdkT34e/Jy9VCyzd5XfJ9TO8fHhJWE=",
        "owner": "nix-community",
        "repo": "nix-github-actions",
        "rev": "f4158fa080ef4503c8f4c820967d946c2af31ec9",
        "type": "github"
      },
      "original": {
        "owner": "nix-community",
        "repo": "nix-github-actions",
        "type": "github"
      }
    },
    "nix-index-database": {
      "inputs": {
        "nixpkgs": [
          "nixpkgs"
        ]
      },
      "locked": {
        "lastModified": 1784440659,
        "narHash": "sha256-Q5kNLlWngt7TaIIZoxDKWMHjiSaNRVqr70FqWCRRfr4=",
        "owner": "nix-community",
        "repo": "nix-index-database",
        "rev": "4f8d52a3598b0dc7db7a5e7b419e3edd9d1ecfdb",
        "type": "github"
      },
      "original": {
        "owner": "nix-community",
        "repo": "nix-index-database",
        "type": "github"
      }
    },
    "nix-unit": {
      "inputs": {
        "nix-github-actions": "nix-github-actions",
        "nixpkgs": [
          "agent-skills",
          "agenput-skills",
          "nput",
          "nixpkgs"
        ],
        "treefmt-nix": "treefmt-nix"
      },
      "locked": {
        "lastModified": 1779338171,
        "narHash": "sha256-affUbv/bwE8SLGhuWKniDr7SVO+Lo1XEPjCZdyU5kgQ=",
        "owner": "nix-community",
        "repo": "nix-unit",
        "rev": "6ab1f232562a01d18b40d5ed6a58718c4f3a74bc",
        "type": "github"
      },
      "original": {
        "owner": "nix-community",
        "repo": "nix-unit",
        "type": "github"
      }
    },
    "nixpkgs": {
      "locked": {
        "lastModified": 1783224372,
        "narHash": "sha256-8i/87eeoqiGE4yOTjwSA3Eh/ziJRQEmd/unYU+K27sk=",
        "owner": "NixOS",
        "repo": "nixpkgs",
        "rev": "d407951447dcd00442e97087bf374aad70c04cea",
        "type": "github"
      },
      "original": {
        "owner": "NixOS",
        "ref": "nixos-unstable",
        "repo": "nixpkgs",
        "type": "github"
      }
    },
    "nixpkgs-lib": {
      "locked": {
        "lastModified": 1765674936,
        "narHash": "sha256-k00uTP4JNfmejrCLJOwdObYC9jHRrr/5M/a/8L2EIdo=",
        "owner": "nix-community",
        "repo": "nixpkgs.lib",
        "rev": "2075416fcb47225d9b68ac469a5c4801a9c4dd85",
        "type": "github"
      },
      "original": {
        "owner": "nix-community",
        "repo": "nixpkgs.lib",
        "type": "github"
      }
    },
    "nixpkgs_2": {
      "locked": {
        "lastModified": 1779357205,
        "narHash": "sha256-cCO8aTqss5x9Ky8GWkpY0Hy5fyTZEbtifSUV8QjSzic=",
        "owner": "NixOS",
        "repo": "nixpkgs",
        "rev": "f83fc3c307e74bc5fd5adb7eb6b8b13ffd2a36e1",
        "type": "github"
      },
      "original": {
        "owner": "NixOS",
        "ref": "nixos-unstable",
        "repo": "nixpkgs",
        "type": "github"
      }
    },
    "nixpkgs_3": {
      "locked": {
        "lastModified": 1767116409,
        "narHash": "sha256-5vKw92l1GyTnjoLzEagJy5V5mDFck72LiQWZSOnSicw=",
        "owner": "NixOS",
        "repo": "nixpkgs",
        "rev": "cad22e7d996aea55ecab064e84834289143e44a0",
        "type": "github"
      },
      "original": {
        "owner": "NixOS",
        "ref": "nixos-unstable",
        "repo": "nixpkgs",
        "type": "github"
      }
    },
    "nixpkgs_4": {
      "locked": {
        "lastModified": 1725534445,
        "narHash": "sha256-Yd0FK9SkWy+ZPuNqUgmVPXokxDgMJoGuNpMEtkfcf84=",
        "owner": "NixOS",
        "repo": "nixpkgs",
        "rev": "9bb1e7571aadf31ddb4af77fc64b2d59580f9a39",
        "type": "github"
      },
      "original": {
        "owner": "NixOS",
        "ref": "nixpkgs-unstable",
        "repo": "nixpkgs",
        "type": "github"
      }
    },
    "nixpkgs_5": {
      "locked": {
        "lastModified": 1783754472,
        "narHash": "sha256-jS1cnt9j6OkoDoHlURQEDYtJcUHOSwuYGexSvx9aDd4=",
        "owner": "NixOS",
        "repo": "nixpkgs",
        "rev": "770b9bbb84018993c8f009d437fff6c2e3077037",
        "type": "github"
      },
      "original": {
        "owner": "NixOS",
        "ref": "nixpkgs-unstable",
        "repo": "nixpkgs",
        "type": "github"
      }
    },
    "nixpkgs_6": {
      "locked": {
        "lastModified": 1783776592,
        "narHash": "sha256-UgCQzxeWI75XM8G+hPrPh+MKzEPjG3SpAj7dtqSbksA=",
        "owner": "NixOS",
        "repo": "nixpkgs",
        "rev": "e7a3ca8092b61ff85b6a45bf863ea2b2d6a661b3",
        "type": "github"
      },
      "original": {
        "owner": "NixOS",
        "ref": "nixos-unstable",
        "repo": "nixpkgs",
        "type": "github"
      }
    },
    "nixpkgs_7": {
      "locked": {
        "lastModified": 1784555310,
        "narHash": "sha256-/FCliTPgiuV1owejZFNx3Ch9irdvkOfOFl+HHZ+DrtM=",
        "owner": "nixos",
        "repo": "nixpkgs",
        "rev": "421eebfd0ec7bccd4abe826ce62d7e6e83129493",
        "type": "github"
      },
      "original": {
        "owner": "nixos",
        "ref": "nixpkgs-unstable",
        "repo": "nixpkgs",
        "type": "github"
      }
    },
    "nixpkgs_8": {
      "locked": {
        "lastModified": 1784176690,
        "narHash": "sha256-RUXu+GHGkY+eShsqx8hp0BIIo51K3V1Q8AY4pPAUcDw=",
        "owner": "NixOS",
        "repo": "nixpkgs",
        "rev": "6368bc923cec55a5f78960ade0cb4dd99580e087",
        "type": "github"
      },
      "original": {
        "owner": "NixOS",
        "ref": "nixpkgs-unstable",
        "repo": "nixpkgs",
        "type": "github"
      }
    },
    "nixpkgs_9": {
      "locked": {
        "lastModified": 1767364772,
        "narHash": "sha256-fFUnEYMla8b7UKjijLnMe+oVFOz6HjijGGNS1l7dYaQ=",
        "owner": "NixOS",
        "repo": "nixpkgs",
        "rev": "16c7794d0a28b5a37904d55bcca36003b9109aaa",
        "type": "github"
      },
      "original": {
        "owner": "NixOS",
        "ref": "nixpkgs-unstable",
        "repo": "nixpkgs",
        "type": "github"
      }
    },
    "nput": {
      "inputs": {
        "flake-parts": "flake-parts",
        "haumea": "haumea",
        "home-manager": "home-manager",
        "namaka": "namaka",
        "nix-unit": "nix-unit",
        "nixpkgs": "nixpkgs",
        "treefmt-nix": "treefmt-nix_2"
      },
      "locked": {
        "lastModified": 1783871221,
        "narHash": "sha256-8vELZwe3cAQutL8I4HV2pLXlpMRrAw+8cCR1c0/wcHI=",
        "owner": "yasunori0418",
        "repo": "nput",
        "rev": "ee6da8a1b7c050e3c6613ab42ca6b690cb0e9b19",
        "type": "github"
      },
      "original": {
        "owner": "yasunori0418",
        "repo": "nput",
        "type": "github"
      }
    },
    "nur-packages": {
      "inputs": {
        "nixpkgs": "nixpkgs_8"
      },
      "locked": {
        "lastModified": 1784257555,
        "narHash": "sha256-AlstxlIwaouuf0LC2okkXWsiHfg2NV8akG4Daj/+I+Y=",
        "owner": "airRnot1106",
        "repo": "nur-packages",
        "rev": "21955f2d9d8a3bec4f9cde04b0adec3fafa6907b",
        "type": "github"
      },
      "original": {
        "owner": "airRnot1106",
        "repo": "nur-packages",
        "type": "github"
      }
    },
    "opensrc": {
      "flake": false,
      "locked": {
        "lastModified": 1782254478,
        "narHash": "sha256-qRKbb2CA5omhFrxtKiEHEX4eH2ayvY8VZ/hH5Uckm8A=",
        "owner": "vercel-labs",
        "repo": "opensrc",
        "rev": "f96078ac0a7ce3fb7d058d73ce65ff4b6606d765",
        "type": "github"
      },
      "original": {
        "owner": "vercel-labs",
        "repo": "opensrc",
        "type": "github"
      }
    },
    "root": {
      "inputs": {
        "agent-skills": "agent-skills",
        "flake-utils": "flake-utils_2",
        "git-hooks": "git-hooks",
        "haumea": "haumea_2",
        "herdr": "herdr",
        "home-manager": "home-manager_2",
        "kakehashi": "kakehashi",
        "mocword": "mocword",
        "neovim-nightly-overlay": "neovim-nightly-overlay",
        "nix-claude-code": "nix-claude-code",
        "nix-darwin": "nix-darwin",
        "nix-index-database": "nix-index-database",
        "nixpkgs": "nixpkgs_7",
        "nur-packages": "nur-packages",
        "treefmt-nix": "treefmt-nix_3",
        "version-lsp": "version-lsp"
      }
    },
    "rust-overlay": {
      "inputs": {
        "nixpkgs": [
          "herdr",
          "nixpkgs"
        ]
      },
      "locked": {
        "lastModified": 1783577481,
        "narHash": "sha256-EWMxOWrJ031f8f/lrcEmhTRs4npw1/5N3Hcjin846c8=",
        "owner": "oxalica",
        "repo": "rust-overlay",
        "rev": "4cdea398dc491b082dccdce0fad1ed0b75fa3394",
        "type": "github"
      },
      "original": {
        "owner": "oxalica",
        "repo": "rust-overlay",
        "type": "github"
      }
    },
    "rust-overlay_2": {
      "inputs": {
        "nixpkgs": [
          "kakehashi",
          "nixpkgs"
        ]
      },
      "locked": {
        "lastModified": 1767408057,
        "narHash": "sha256-0TD2PNTt6olOonFgcvZJcNGiU3x5cX+RMzrfWfHB9Jw=",
        "owner": "oxalica",
        "repo": "rust-overlay",
        "rev": "294198315a13d6d130565ad08e97685df7b0d458",
        "type": "github"
      },
      "original": {
        "owner": "oxalica",
        "repo": "rust-overlay",
        "type": "github"
      }
    },
    "rust-overlay_3": {
      "inputs": {
        "nixpkgs": [
          "version-lsp",
          "nixpkgs"
        ]
      },
      "locked": {
        "lastModified": 1780284119,
        "narHash": "sha256-y2wR4Mk6D/N1ID4FZa2oUMStCUxyIoRzmgOOpLzoWmo=",
        "owner": "oxalica",
        "repo": "rust-overlay",
        "rev": "51390d0bfca0a68a8c337d215a4bbeddc2ca616e",
        "type": "github"
      },
      "original": {
        "owner": "oxalica",
        "repo": "rust-overlay",
        "type": "github"
      }
    },
    "systems": {
      "locked": {
        "lastModified": 1681028828,
        "narHash": "sha256-Vy1rq5AaRuLzOxct8nz4T6wlgyUR7zLU309k9mBC768=",
        "owner": "nix-systems",
        "repo": "default",
        "rev": "da67096a3b9bf56a91d16901293e51ba5b49a27e",
        "type": "github"
      },
      "original": {
        "owner": "nix-systems",
        "repo": "default",
        "type": "github"
      }
    },
    "systems_2": {
      "locked": {
        "lastModified": 1681028828,
        "narHash": "sha256-Vy1rq5AaRuLzOxct8nz4T6wlgyUR7zLU309k9mBC768=",
        "owner": "nix-systems",
        "repo": "default",
        "rev": "da67096a3b9bf56a91d16901293e51ba5b49a27e",
        "type": "github"
      },
      "original": {
        "owner": "nix-systems",
        "repo": "default",
        "type": "github"
      }
    },
    "systems_3": {
      "locked": {
        "lastModified": 1681028828,
        "narHash": "sha256-Vy1rq5AaRuLzOxct8nz4T6wlgyUR7zLU309k9mBC768=",
        "owner": "nix-systems",
        "repo": "default",
        "rev": "da67096a3b9bf56a91d16901293e51ba5b49a27e",
        "type": "github"
      },
      "original": {
        "owner": "nix-systems",
        "repo": "default",
        "type": "github"
      }
    },
    "systems_4": {
      "locked": {
        "lastModified": 1681028828,
        "narHash": "sha256-Vy1rq5AaRuLzOxct8nz4T6wlgyUR7zLU309k9mBC768=",
        "owner": "nix-systems",
        "repo": "default",
        "rev": "da67096a3b9bf56a91d16901293e51ba5b49a27e",
        "type": "github"
      },
      "original": {
        "owner": "nix-systems",
        "repo": "default",
        "type": "github"
      }
    },
    "treefmt-nix": {
      "inputs": {
        "nixpkgs": [
          "agent-skills",
          "agenput-skills",
          "nput",
          "nix-unit",
          "nixpkgs"
        ]
      },
      "locked": {
        "lastModified": 1775636079,
        "narHash": "sha256-pc20NRoMdiar8oPQceQT47UUZMBTiMdUuWrYu2obUP0=",
        "owner": "numtide",
        "repo": "treefmt-nix",
        "rev": "790751ff7fd3801feeaf96d7dc416a8d581265ba",
        "type": "github"
      },
      "original": {
        "owner": "numtide",
        "repo": "treefmt-nix",
        "type": "github"
      }
    },
    "treefmt-nix_2": {
      "inputs": {
        "nixpkgs": [
          "agent-skills",
          "agenput-skills",
          "nput",
          "nixpkgs"
        ]
      },
      "locked": {
        "lastModified": 1780220602,
        "narHash": "sha256-eynAfOmbmxJnkp7YewvCEbShNnnYJ9gLLqkzsYtBPeM=",
        "owner": "numtide",
        "repo": "treefmt-nix",
        "rev": "db947814a175b7ca6ded66e21383d938df01c227",
        "type": "github"
      },
      "original": {
        "owner": "numtide",
        "repo": "treefmt-nix",
        "type": "github"
      }
    },
    "treefmt-nix_3": {
      "inputs": {
        "nixpkgs": [
          "nixpkgs"
        ]
      },
      "locked": {
        "lastModified": 1784369104,
        "narHash": "sha256-47cxbcZODibHv3rELFQ9vZly0vUNkND/atn/U7HLeb0=",
        "owner": "numtide",
        "repo": "treefmt-nix",
        "rev": "df3c0640565d04a0261253cdd89fce78ec50168a",
        "type": "github"
      },
      "original": {
        "owner": "numtide",
        "repo": "treefmt-nix",
        "type": "github"
      }
    },
    "version-lsp": {
      "inputs": {
        "crane": "crane",
        "flake-parts": "flake-parts_3",
        "nixpkgs": "nixpkgs_9",
        "rust-overlay": "rust-overlay_3"
      },
      "locked": {
        "lastModified": 1784355530,
        "narHash": "sha256-4ZoUwcxL6NhAE1Z6DFaqE6bS/kJPA50jY+SnyQhAQqI=",
        "owner": "skanehira",
        "repo": "version-lsp",
        "rev": "3fe47186f7b48a310d0efc680222b9a7e293ed9b",
        "type": "github"
      },
      "original": {
        "owner": "skanehira",
        "repo": "version-lsp",
        "type": "github"
      }
    }
  },
  "root": "root",
  "version": 7
}
